// !$*UTF8*$!
{
	archiveVersion = 1;
	classes = {
	};
	objectVersion = 46;
	objects = {

/* Begin PBXBuildFile section */
		3E6559F61EB4E1460073EDF0 /* AppDelegate.swift in Sources */ = {isa = PBXBuildFile; fileRef = 3E6559F51EB4E1460073EDF0 /* AppDelegate.swift */; };
		3E6559F81EB4E1460073EDF0 /* ViewController.swift in Sources */ = {isa = PBXBuildFile; fileRef = 3E6559F71EB4E1460073EDF0 /* ViewController.swift */; };
		3E6559FB1EB4E1460073EDF0 /* Main.storyboard in Resources */ = {isa = PBXBuildFile; fileRef = 3E6559F91EB4E1460073EDF0 /* Main.storyboard */; };
		3E6559FD1EB4E1460073EDF0 /* Assets.xcassets in Resources */ = {isa = PBXBuildFile; fileRef = 3E6559FC1EB4E1460073EDF0 /* Assets.xcassets */; };
		3E655A001EB4E1460073EDF0 /* LaunchScreen.storyboard in Resources */ = {isa = PBXBuildFile; fileRef = 3E6559FE1EB4E1460073EDF0 /* LaunchScreen.storyboard */; };
		3E655A0B1EB4E1460073EDF0 /* CollectionViewDemoTests.swift in Sources */ = {isa = PBXBuildFile; fileRef = 3E655A0A1EB4E1460073EDF0 /* CollectionViewDemoTests.swift */; };
		3E655A161EB4E1460073EDF0 /* CollectionViewDemoUITests.swift in Sources */ = {isa = PBXBuildFile; fileRef = 3E655A151EB4E1460073EDF0 /* CollectionViewDemoUITests.swift */; };
/* End PBXBuildFile section */

/* Begin PBXContainerItemProxy section */
		3E655A071EB4E1460073EDF0 /* PBXContainerItemProxy */ = {
			isa = PBXContainerItemProxy;
			containerPortal = 3E6559EA1EB4E1460073EDF0 /* Project object */;
			proxyType = 1;
			remoteGlobalIDString = 3E6559F11EB4E1460073EDF0;
			remoteInfo = CollectionViewDemo;
		};
		3E655A121EB4E1460073EDF0 /* PBXContainerItemProxy */ = {
			isa = PBXContainerItemProxy;
			containerPortal = 3E6559EA1EB4E1460073EDF0 /* Project object */;
			proxyType = 1;
			remoteGlobalIDString = 3E6559F11EB4E1460073EDF0;
			remoteInfo = CollectionViewDemo;
		};
/* End PBXContainerItemProxy section */

/* Begin PBXFileReference section */
		3E6559F21EB4E1460073EDF0 /* CollectionViewDemo.app */ = {isa = PBXFileReference; explicitFileType = wrapper.application; includeInIndex = 0; path = CollectionViewDemo.app; sourceTree = BUILT_PRODUCTS_DIR; };
		3E6559F51EB4E1460073EDF0 /* AppDelegate.swift */ = {isa = PBXFileReference; lastKnownFileType = sourcecode.swift; path = AppDelegate.swift; sourceTree = "<group>"; };
		3E6559F71EB4E1460073EDF0 /* ViewController.swift */ = {isa = PBXFileReference; lastKnownFileType = sourcecode.swift; path = ViewController.swift; sourceTree = "<group>"; };
		3E6559FA1EB4E1460073EDF0 /* Base */ = {isa = PBXFileReference; lastKnownFileType = file.storyboard; name = Base; path = Base.lproj/Main.storyboard; sourceTree = "<group>"; };
		3E6559FC1EB4E1460073EDF0 /* Assets.xcassets */ = {isa = PBXFileReference; lastKnownFileType = folder.assetcatalog; path = Assets.xcassets; sourceTree = "<group>"; };
		3E6559FF1EB4E1460073EDF0 /* Base */ = {isa = PBXFileReference; lastKnownFileType = file.storyboard; name = Base; path = Base.lproj/LaunchScreen.storyboard; sourceTree = "<group>"; };
		3E655A011EB4E1460073EDF0 /* Info.plist */ = {isa = PBXFileReference; lastKnownFileType = text.plist.xml; path = Info.plist; sourceTree = "<group>"; };
		3E655A061EB4E1460073EDF0 /* CollectionViewDemoTests.xctest */ = {isa = PBXFileReference; explicitFileType = wrapper.cfbundle; includeInIndex = 0; path = CollectionViewDemoTests.xctest; sourceTree = BUILT_PRODUCTS_DIR; };
		3E655A0A1EB4E1460073EDF0 /* CollectionViewDemoTests.swift */ = {isa = PBXFileReference; lastKnownFileType = sourcecode.swift; path = CollectionViewDemoTests.swift; sourceTree = "<group>"; };
		3E655A0C1EB4E1460073EDF0 /* Info.plist */ = {isa = PBXFileReference; lastKnownFileType = text.plist.xml; path = Info.plist; sourceTree = "<group>"; };
		3E655A111EB4E1460073EDF0 /* CollectionViewDemoUITests.xctest */ = {isa = PBXFileReference; explicitFileType = wrapper.cfbundle; includeInIndex = 0; path = CollectionViewDemoUITests.xctest; sourceTree = BUILT_PRODUCTS_DIR; };
		3E655A151EB4E1460073EDF0 /* CollectionViewDemoUITests.swift */ = {isa = PBXFileReference; lastKnownFileType = sourcecode.swift; path = CollectionViewDemoUITests.swift; sourceTree = "<group>"; };
		3E655A171EB4E1460073EDF0 /* Info.plist */ = {isa = PBXFileReference; lastKnownFileType = text.plist.xml; path = Info.plist; sourceTree = "<group>"; };
/* End PBXFileReference section */

/* Begin PBXFrameworksBuildPhase section */
		3E6559EF1EB4E1460073EDF0 /* Frameworks */ = {
			isa = PBXFrameworksBuildPhase;
			buildActionMask = 2147483647;
			files = (
			);
			runOnlyForDeploymentPostprocessing = 0;
		};
		3E655A031EB4E1460073EDF0 /* Frameworks */ = {
			isa = PBXFrameworksBuildPhase;
			buildActionMask = 2147483647;
			files = (
			);
			runOnlyForDeploymentPostprocessing = 0;
		};
		3E655A0E1EB4E1460073EDF0 /* Frameworks */ = {
			isa = PBXFrameworksBuildPhase;
			buildActionMask = 2147483647;
			files = (
			);
			runOnlyForDeploymentPostprocessing = 0;
		};
/* End PBXFrameworksBuildPhase section */

/* Begin PBXGroup section */
		3E6559E91EB4E1460073EDF0 = {
			isa = PBXGroup;
			children = (
				3E6559F41EB4E1460073EDF0 /* CollectionViewDemo */,
				3E655A091EB4E1460073EDF0 /* CollectionViewDemoTests */,
				3E655A141EB4E1460073EDF0 /* CollectionViewDemoUITests */,
				3E6559F31EB4E1460073EDF0 /* Products */,
			);
			sourceTree = "<group>";
		};
		3E6559F31EB4E1460073EDF0 /* Products */ = {
			isa = PBXGroup;
			children = (
				3E6559F21EB4E1460073EDF0 /* CollectionViewDemo.app */,
				3E655A061EB4E1460073EDF0 /* CollectionViewDemoTests.xctest */,
				3E655A111EB4E1460073EDF0 /* CollectionViewDemoUITests.xctest */,
			);
			name = Products;
			sourceTree = "<group>";
		};
		3E6559F41EB4E1460073EDF0 /* CollectionViewDemo */ = {
			isa = PBXGroup;
			children = (
				3E6559F51EB4E1460073EDF0 /* AppDelegate.swift */,
				3E6559F71EB4E1460073EDF0 /* ViewController.swift */,
				3E6559F91EB4E1460073EDF0 /* Main.storyboard */,
				3E6559FC1EB4E1460073EDF0 /* Assets.xcassets */,
				3E6559FE1EB4E1460073EDF0 /* LaunchScreen.storyboard */,
				3E655A011EB4E1460073EDF0 /* Info.plist */,
			);
			path = CollectionViewDemo;
			sourceTree = "<group>";
		};
		3E655A091EB4E1460073EDF0 /* CollectionViewDemoTests */ = {
			isa = PBXGroup;
			children = (
				3E655A0A1EB4E1460073EDF0 /* CollectionViewDemoTests.swift */,
				3E655A0C1EB4E1460073EDF0 /* Info.plist */,
			);
			path = CollectionViewDemoTests;
			sourceTree = "<group>";
		};
		3E655A141EB4E1460073EDF0 /* CollectionViewDemoUITests */ = {
			isa = PBXGroup;
			children = (
				3E655A151EB4E1460073EDF0 /* CollectionViewDemoUITests.swift */,
				3E655A171EB4E1460073EDF0 /* Info.plist */,
			);
			path = CollectionViewDemoUITests;
			sourceTree = "<group>";
		};
/* End PBXGroup section */

/* Begin PBXNativeTarget section */
		3E6559F11EB4E1460073EDF0 /* CollectionViewDemo */ = {
			isa = PBXNativeTarget;
			buildConfigurationList = 3E655A1A1EB4E1460073EDF0 /* Build configuration list for PBXNativeTarget "CollectionViewDemo" */;
			buildPhases = (
				3E6559EE1EB4E1460073EDF0 /* Sources */,
				3E6559EF1EB4E1460073EDF0 /* Frameworks */,
				3E6559F01EB4E1460073EDF0 /* Resources */,
			);
			buildRules = (
			);
			dependencies = (
			);
			name = CollectionViewDemo;
			productName = CollectionViewDemo;
			productReference = 3E6559F21EB4E1460073EDF0 /* CollectionViewDemo.app */;
			productType = "com.apple.product-type.application";
		};
		3E655A051EB4E1460073EDF0 /* CollectionViewDemoTests */ = {
			isa = PBXNativeTarget;
			buildConfigurationList = 3E655A1D1EB4E1460073EDF0 /* Build configuration list for PBXNativeTarget "CollectionViewDemoTests" */;
			buildPhases = (
				3E655A021EB4E1460073EDF0 /* Sources */,
				3E655A031EB4E1460073EDF0 /* Frameworks */,
				3E655A041EB4E1460073EDF0 /* Resources */,
			);
			buildRules = (
			);
			dependencies = (
				3E655A081EB4E1460073EDF0 /* PBXTargetDependency */,
			);
			name = CollectionViewDemoTests;
			productName = CollectionViewDemoTests;
			productReference = 3E655A061EB4E1460073EDF0 /* CollectionViewDemoTests.xctest */;
			productType = "com.apple.product-type.bundle.unit-test";
		};
		3E655A101EB4E1460073EDF0 /* CollectionViewDemoUITests */ = {
			isa = PBXNativeTarget;
			buildConfigurationList = 3E655A201EB4E1460073EDF0 /* Build configuration list for PBXNativeTarget "CollectionViewDemoUITests" */;
			buildPhases = (
				3E655A0D1EB4E1460073EDF0 /* Sources */,
				3E655A0E1EB4E1460073EDF0 /* Frameworks */,
				3E655A0F1EB4E1460073EDF0 /* Resources */,
			);
			buildRules = (
			);
			dependencies = (
				3E655A131EB4E1460073EDF0 /* PBXTargetDependency */,
			);
			name = CollectionViewDemoUITests;
			productName = CollectionViewDemoUITests;
			productReference = 3E655A111EB4E1460073EDF0 /* CollectionViewDemoUITests.xctest */;
			productType = "com.apple.product-type.bundle.ui-testing";
		};
/* End PBXNativeTarget section */

/* Begin PBXProject section */
		3E6559EA1EB4E1460073EDF0 /* Project object */ = {
			isa = PBXProject;
			attributes = {
				LastSwiftUpdateCheck = 0830;
				LastUpgradeCheck = 0830;
				ORGANIZATIONNAME = Group9_iOSUTE;
				TargetAttributes = {
					3E6559F11EB4E1460073EDF0 = {
						CreatedOnToolsVersion = 8.3;
						ProvisioningStyle = Automatic;
					};
					3E655A051EB4E1460073EDF0 = {
						CreatedOnToolsVersion = 8.3;
						ProvisioningStyle = Automatic;
						TestTargetID = 3E6559F11EB4E1460073EDF0;
					};
					3E655A101EB4E1460073EDF0 = {
						CreatedOnToolsVersion = 8.3;
						ProvisioningStyle = Automatic;
						TestTargetID = 3E6559F11EB4E1460073EDF0;
					};
				};
			};
			buildConfigurationList = 3E6559ED1EB4E1460073EDF0 /* Build configuration list for PBXProject "CollectionViewDemo" */;
			compatibilityVersion = "Xcode 3.2";
			developmentRegion = English;
			hasScannedForEncodings = 0;
			knownRegions = (
				en,
				Base,
			);
			mainGroup = 3E6559E91EB4E1460073EDF0;
			productRefGroup = 3E6559F31EB4E1460073EDF0 /* Products */;
			projectDirPath = "";
			projectRoot = "";
			targets = (
				3E6559F11EB4E1460073EDF0 /* CollectionViewDemo */,
				3E655A051EB4E1460073EDF0 /* CollectionViewDemoTests */,
				3E655A101EB4E1460073EDF0 /* CollectionViewDemoUITests */,
			);
		};
/* End PBXProject section */

/* Begin PBXResourcesBuildPhase section */
		3E6559F01EB4E1460073EDF0 /* Resources */ = {
			isa = PBXResourcesBuildPhase;
			buildActionMask = 2147483647;
			files = (
				3E655A001EB4E1460073EDF0 /* LaunchScreen.storyboard in Resources */,
				3E6559FD1EB4E1460073EDF0 /* Assets.xcassets in Resources */,
				3E6559FB1EB4E1460073EDF0 /* Main.storyboard in Resources */,
			);
			runOnlyForDeploymentPostprocessing = 0;
		};
		3E655A041EB4E1460073EDF0 /* Resources */ = {
			isa = PBXResourcesBuildPhase;
			buildActionMask = 2147483647;
			files = (
			);
			runOnlyForDeploymentPostprocessing = 0;
		};
		3E655A0F1EB4E1460073EDF0 /* Resources */ = {
			isa = PBXResourcesBuildPhase;
			buildActionMask = 2147483647;
			files = (
			);
			runOnlyForDeploymentPostprocessing = 0;
		};
/* End PBXResourcesBuildPhase section */

/* Begin PBXSourcesBuildPhase section */
		3E6559EE1EB4E1460073EDF0 /* Sources */ = {
			isa = PBXSourcesBuildPhase;
			buildActionMask = 2147483647;
			files = (
				3E6559F81EB4E1460073EDF0 /* ViewController.swift in Sources */,
				3E6559F61EB4E1460073EDF0 /* AppDelegate.swift in Sources */,
			);
			runOnlyForDeploymentPostprocessing = 0;
		};
		3E655A021EB4E1460073EDF0 /* Sources */ = {
			isa = PBXSourcesBuildPhase;
			buildActionMask = 2147483647;
			files = (
				3E655A0B1EB4E1460073EDF0 /* CollectionViewDemoTests.swift in Sources */,
			);
			runOnlyForDeploymentPostprocessing = 0;
		};
		3E655A0D1EB4E1460073EDF0 /* Sources */ = {
			isa = PBXSourcesBuildPhase;
			buildActionMask = 2147483647;
			files = (
				3E655A161EB4E1460073EDF0 /* CollectionViewDemoUITests.swift in Sources */,
			);
			runOnlyForDeploymentPostprocessing = 0;
		};
/* End PBXSourcesBuildPhase section */

/* Begin PBXTargetDependency section */
		3E655A081EB4E1460073EDF0 /* PBXTargetDependency */ = {
			isa = PBXTargetDependency;
			target = 3E6559F11EB4E1460073EDF0 /* CollectionViewDemo */;
			targetProxy = 3E655A071EB4E1460073EDF0 /* PBXContainerItemProxy */;
		};
		3E655A131EB4E1460073EDF0 /* PBXTargetDependency */ = {
			isa = PBXTargetDependency;
			target = 3E6559F11EB4E1460073EDF0 /* CollectionViewDemo */;
			targetProxy = 3E655A121EB4E1460073EDF0 /* PBXContainerItemProxy */;
		};
/* End PBXTargetDependency section */

/* Begin PBXVariantGroup section */
		3E6559F91EB4E1460073EDF0 /* Main.storyboard */ = {
			isa = PBXVariantGroup;
			children = (
				3E6559FA1EB4E1460073EDF0 /* Base */,
			);
			name = Main.storyboard;
			sourceTree = "<group>";
		};
		3E6559FE1EB4E1460073EDF0 /* LaunchScreen.storyboard */ = {
			isa = PBXVariantGroup;
			children = (
				3E6559FF1EB4E1460073EDF0 /* Base */,
			);
			name = LaunchScreen.storyboard;
			sourceTree = "<group>";
		};
/* End PBXVariantGroup section */

/* Begin XCBuildConfiguration section */
		3E655A181EB4E1460073EDF0 /* Debug */ = {
			isa = XCBuildConfiguration;
			buildSettings = {
				ALWAYS_SEARCH_USER_PATHS = NO;
				CLANG_ANALYZER_NONNULL = YES;
				CLANG_ANALYZER_NUMBER_OBJECT_CONVERSION = YES_AGGRESSIVE;
				CLANG_CXX_LANGUAGE_STANDARD = "gnu++0x";
				CLANG_CXX_LIBRARY = "libc++";
				CLANG_ENABLE_MODULES = YES;
				CLANG_ENABLE_OBJC_ARC = YES;
				CLANG_WARN_BOOL_CONVERSION = YES;
				CLANG_WARN_CONSTANT_CONVERSION = YES;
				CLANG_WARN_DIRECT_OBJC_ISA_USAGE = YES_ERROR;
				CLANG_WARN_DOCUMENTATION_COMMENTS = YES;
				CLANG_WARN_EMPTY_BODY = YES;
				CLANG_WARN_ENUM_CONVERSION = YES;
				CLANG_WARN_INFINITE_RECURSION = YES;
				CLANG_WARN_INT_CONVERSION = YES;
				CLANG_WARN_OBJC_ROOT_CLASS = YES_ERROR;
				CLANG_WARN_SUSPICIOUS_MOVE = YES;
				CLANG_WARN_UNREACHABLE_CODE = YES;
				CLANG_WARN__DUPLICATE_METHOD_MATCH = YES;
				"CODE_SIGN_IDENTITY[sdk=iphoneos*]" = "iPhone Developer";
				COPY_PHASE_STRIP = NO;
				DEBUG_INFORMATION_FORMAT = dwarf;
				ENABLE_STRICT_OBJC_MSGSEND = YES;
				ENABLE_TESTABILITY = YES;
				GCC_C_LANGUAGE_STANDARD = gnu99;
				GCC_DYNAMIC_NO_PIC = NO;
				GCC_NO_COMMON_BLOCKS = YES;
				GCC_OPTIMIZATION_LEVEL = 0;
				GCC_PREPROCESSOR_DEFINITIONS = (
					"DEBUG=1",
					"$(inherited)",
				);
				GCC_WARN_64_TO_32_BIT_CONVERSION = YES;
				GCC_WARN_ABOUT_RETURN_TYPE = YES_ERROR;
				GCC_WARN_UNDECLARED_SELECTOR = YES;
				GCC_WARN_UNINITIALIZED_AUTOS = YES_AGGRESSIVE;
				GCC_WARN_UNUSED_FUNCTION = YES;
				GCC_WARN_UNUSED_VARIABLE = YES;
				IPHONEOS_DEPLOYMENT_TARGET = 10.3;
				MTL_ENABLE_DEBUG_INFO = YES;
				ONLY_ACTIVE_ARCH = YES;
				SDKROOT = iphoneos;
				SWIFT_ACTIVE_COMPILATION_CONDITIONS = DEBUG;
				SWIFT_OPTIMIZATION_LEVEL = "-Onone";
			};
			name = Debug;
		};
		3E655A191EB4E1460073EDF0 /* Release */ = {
			isa = XCBuildConfiguration;
			buildSettings = {
				ALWAYS_SEARCH_USER_PATHS = NO;
				CLANG_ANALYZER_NONNULL = YES;
				CLANG_ANALYZER_NUMBER_OBJECT_CONVERSION = YES_AGGRESSIVE;
				CLANG_CXX_LANGUAGE_STANDARD = "gnu++0x";
				CLANG_CXX_LIBRARY = "libc++";
				CLANG_ENABLE_MODULES = YES;
				CLANG_ENABLE_OBJC_ARC = YES;
				CLANG_WARN_BOOL_CONVERSION = YES;
				CLANG_WARN_CONSTANT_CONVERSION = YES;
				CLANG_WARN_DIRECT_OBJC_ISA_USAGE = YES_ERROR;
				CLANG_WARN_DOCUMENTATION_COMMENTS = YES;
				CLANG_WARN_EMPTY_BODY = YES;
				CLANG_WARN_ENUM_CONVERSION = YES;
				CLANG_WARN_INFINITE_RECURSION = YES;
				CLANG_WARN_INT_CONVERSION = YES;
				CLANG_WARN_OBJC_ROOT_CLASS = YES_ERROR;
				CLANG_WARN_SUSPICIOUS_MOVE = YES;
				CLANG_WARN_UNREACHABLE_CODE = YES;
				CLANG_WARN__DUPLICATE_METHOD_MATCH = YES;
				"CODE_SIGN_IDENTITY[sdk=iphoneos*]" = "iPhone Developer";
				COPY_PHASE_STRIP = NO;
				DEBUG_INFORMATION_FORMAT = "dwarf-with-dsym";
				ENABLE_NS_ASSERTIONS = NO;
				ENABLE_STRICT_OBJC_MSGSEND = YES;
				GCC_C_LANGUAGE_STANDARD = gnu99;
				GCC_NO_COMMON_BLOCKS = YES;
				GCC_WARN_64_TO_32_BIT_CONVERSION = YES;
				GCC_WARN_ABOUT_RETURN_TYPE = YES_ERROR;
				GCC_WARN_UNDECLARED_SELECTOR = YES;
				GCC_WARN_UNINITIALIZED_AUTOS = YES_AGGRESSIVE;
				GCC_WARN_UNUSED_FUNCTION = YES;
				GCC_WARN_UNUSED_VARIABLE = YES;
				IPHONEOS_DEPLOYMENT_TARGET = 10.3;
				MTL_ENABLE_DEBUG_INFO = NO;
				SDKROOT = iphoneos;
				SWIFT_OPTIMIZATION_LEVEL = "-Owholemodule";
				VALIDATE_PRODUCT = YES;
			};
			name = Release;
		};
		3E655A1B1EB4E1460073EDF0 /* Debug */ = {
			isa = XCBuildConfiguration;
			buildSettings = {
				ASSETCATALOG_COMPILER_APPICON_NAME = AppIcon;
				INFOPLIST_FILE = CollectionViewDemo/Info.plist;
				LD_RUNPATH_SEARCH_PATHS = "$(inherited) @executable_path/Frameworks";
				PRODUCT_BUNDLE_IDENTIFIER = "Group9-iOSUTE.CollectionViewDemo";
				PRODUCT_NAME = "$(TARGET_NAME)";
				SWIFT_VERSION = 3.0;
			};
			name = Debug;
		};
		3E655A1C1EB4E1460073EDF0 /* Release */ = {
			isa = XCBuildConfiguration;
			buildSettings = {
				ASSETCATALOG_COMPILER_APPICON_NAME = AppIcon;
				INFOPLIST_FILE = CollectionViewDemo/Info.plist;
				LD_RUNPATH_SEARCH_PATHS = "$(inherited) @executable_path/Frameworks";
				PRODUCT_BUNDLE_IDENTIFIER = "Group9-iOSUTE.CollectionViewDemo";
				PRODUCT_NAME = "$(TARGET_NAME)";
				SWIFT_VERSION = 3.0;
			};
			name = Release;
		};
		3E655A1E1EB4E1460073EDF0 /* Debug */ = {
			isa = XCBuildConfiguration;
			buildSettings = {
				ALWAYS_EMBED_SWIFT_STANDARD_LIBRARIES = YES;
				BUNDLE_LOADER = "$(TEST_HOST)";
				INFOPLIST_FILE = CollectionViewDemoTests/Info.plist;
				LD_RUNPATH_SEARCH_PATHS = "$(inherited) @executable_path/Frameworks @loader_path/Frameworks";
				PRODUCT_BUNDLE_IDENTIFIER = "Group9-iOSUTE.CollectionViewDemoTests";
				PRODUCT_NAME = "$(TARGET_NAME)";
				SWIFT_VERSION = 3.0;
				TEST_HOST = "$(BUILT_PRODUCTS_DIR)/CollectionViewDemo.app/CollectionViewDemo";
			};
			name = Debug;
		};
		3E655A1F1EB4E1460073EDF0 /* Release */ = {
			isa = XCBuildConfiguration;
			buildSettings = {
				ALWAYS_EMBED_SWIFT_STANDARD_LIBRARIES = YES;
				BUNDLE_LOADER = "$(TEST_HOST)";
				INFOPLIST_FILE = CollectionViewDemoTests/Info.plist;
				LD_RUNPATH_SEARCH_PATHS = "$(inherited) @executable_path/Frameworks @loader_path/Frameworks";
				PRODUCT_BUNDLE_IDENTIFIER = "Group9-iOSUTE.CollectionViewDemoTests";
				PRODUCT_NAME = "$(TARGET_NAME)";
				SWIFT_VERSION = 3.0;
				TEST_HOST = "$(BUILT_PRODUCTS_DIR)/CollectionViewDemo.app/CollectionViewDemo";
			};
			name = Release;
		};
		3E655A211EB4E1460073EDF0 /* Debug */ = {
			isa = XCBuildConfiguration;
			buildSettings = {
				ALWAYS_EMBED_SWIFT_STANDARD_LIBRARIES = YES;
				INFOPLIST_FILE = CollectionViewDemoUITests/Info.plist;
				LD_RUNPATH_SEARCH_PATHS = "$(inherited) @executable_path/Frameworks @loader_path/Frameworks";
				PRODUCT_BUNDLE_IDENTIFIER = "Group9-iOSUTE.CollectionViewDemoUITests";
				PRODUCT_NAME = "$(TARGET_NAME)";
				SWIFT_VERSION = 3.0;
				TEST_TARGET_NAME = CollectionViewDemo;
			};
			name = Debug;
		};
		3E655A221EB4E1460073EDF0 /* Release */ = {
			isa = XCBuildConfiguration;
			buildSettings = {
				ALWAYS_EMBED_SWIFT_STANDARD_LIBRARIES = YES;
				INFOPLIST_FILE = CollectionViewDemoUITests/Info.plist;
				LD_RUNPATH_SEARCH_PATHS = "$(inherited) @executable_path/Frameworks @loader_path/Frameworks";
				PRODUCT_BUNDLE_IDENTIFIER = "Group9-iOSUTE.CollectionViewDemoUITests";
				PRODUCT_NAME = "$(TARGET_NAME)";
				SWIFT_VERSION = 3.0;
				TEST_TARGET_NAME = CollectionViewDemo;
			};
			name = Release;
		};
/* End XCBuildConfiguration section */

/* Begin XCConfigurationList section */
		3E6559ED1EB4E1460073EDF0 /* Build configuration list for PBXProject "CollectionViewDemo" */ = {
			isa = XCConfigurationList;
			buildConfigurations = (
				3E655A181EB4E1460073EDF0 /* Debug */,
				3E655A191EB4E1460073EDF0 /* Release */,
			);
			defaultConfigurationIsVisible = 0;
			defaultConfigurationName = Release;
		};
		3E655A1A1EB4E1460073EDF0 /* Build configuration list for PBXNativeTarget "CollectionViewDemo" */ = {
			isa = XCConfigurationList;
			buildConfigurations = (
				3E655A1B1EB4E1460073EDF0 /* Debug */,
				3E655A1C1EB4E1460073EDF0 /* Release */,
			);
			defaultConfigurationIsVisible = 0;
		};
		3E655A1D1EB4E1460073EDF0 /* Build configuration list for PBXNativeTarget "CollectionViewDemoTests" */ = {
			isa = XCConfigurationList;
			buildConfigurations = (
				3E655A1E1EB4E1460073EDF0 /* Debug */,
				3E655A1F1EB4E1460073EDF0 /* Release */,
			);
			defaultConfigurationIsVisible = 0;
		};
		3E655A201EB4E1460073EDF0 /* Build configuration list for PBXNativeTarget "CollectionViewDemoUITests" */ = {
			isa = XCConfigurationList;
			buildConfigurations = (
				3E655A211EB4E1460073EDF0 /* Debug */,
				3E655A221EB4E1460073EDF0 /* Release */,
			);
			defaultConfigurationIsVisible = 0;
		};
/* End XCConfigurationList section */
	};
	rootObject = 3E6559EA1EB4E1460073EDF0 /* Project object */;
}
